
Microsoft Visual Studio Solution File, Format Version 12.00
# Visual Studio 2012
Project("{FAE04EC0-301F-11D3-BF4B-00C04F79EFBC}") = "GAClassSchedule", "GAClassSchedule.csproj", "{07578A6C-15EC-450B-8B48-06D5B7E8E083}"
EndProject
Global
	GlobalSection(SolutionConfigurationPlatforms) = preSolution
		Debug|Any CPU = Debug|Any CPU
		Release|Any CPU = Release|Any CPU
	EndGlobalSection
	GlobalSection(ProjectConfigurationPlatforms) = postSolution
		{07578A6C-15EC-450B-8B48-06D5B7E8E083}.Debug|Any CPU.ActiveCfg = Debug|Any CPU
		{07578A6C-15EC-450B-8B48-06D5B7E8E083}.Debug|Any CPU.Build.0 = Debug|Any CPU
		{07578A6C-15EC-450B-8B48-06D5B7E8E083}.Release|Any CPU.ActiveCfg = Release|Any CPU
		{07578A6C-15EC-450B-8B48-06D5B7E8E083}.Release|Any CPU.Build.0 = Release|Any CPU
	EndGlobalSection
	GlobalSection(SolutionProperties) = preSolution
		HideSolutionNode = FALSE
	EndGlobalSection
EndGlobal
